# THIS IS AN AUTOGENERATED FILE. DO NOT EDIT THIS FILE DIRECTLY.
# yarn lockfile v1


arb-ethers-web3-bridge@^0.7.3:
  version "0.7.3"
  resolved "https://registry.yarnpkg.com/arb-ethers-web3-bridge/-/arb-ethers-web3-bridge-0.7.3.tgz#a80cfeb8c61e46e2ae997e3dbba164e134104d63"
  integrity sha512-dmnys5OU2RyLrVckNzC+NPR/BZDr38svO45vEaZ1oz2cEacKiVaU1g1bgjvJBQbM0jHaXVk7r7JL1U7xVcaA3A==
  dependencies:
    ethers-providers "^2.1.19"
    ethers-utils "^2.1.11"

bn.js@^4.4.0:
  version "4.12.0"
  resolved "https://registry.yarnpkg.com/bn.js/-/bn.js-4.12.0.tgz#775b3f278efbb9718eec7361f483fb36fbbfea88"
  integrity sha512-c98Bf3tPniI+scsdk237ku1Dc3ujXQTSgyiPUDEOe7tRkhrqridvh8klBv0HCEso1OLOYcHuCv/cS6DNxKH+ZA==

ethers-providers@^2.1.19:
  version "2.1.19"
  resolved "https://registry.yarnpkg.com/ethers-providers/-/ethers-providers-2.1.19.tgz#d597e298f70cfbf8da207c303af0a5cbed5b4cd2"
  integrity sha512-usjJ5qyGO84kMmIYImwGhJo12nnG5uzqpZlViYQFEfwBzqoj7b9e55xnc7fP6XWcnPrrbMqIa0KrW8BKy9bYpg==
  dependencies:
    ethers-utils "^2.1.0"
    inherits "2.0.1"
    xmlhttprequest "1.8.0"

ethers-utils@^2.1.0, ethers-utils@^2.1.11:
  version "2.1.11"
  resolved "https://registry.yarnpkg.com/ethers-utils/-/ethers-utils-2.1.11.tgz#b27535ca3226118be300211c39c896b1e5e21641"
  integrity sha512-BfkGStBmmLjhTldmp5lifiwUeDjx/yowoWfmUnnvPNsix5PFE8IXQdY5VT/Qo1SXMgxzCe8m0Z8ysUw6Q9OmAw==
  dependencies:
    bn.js "^4.4.0"
    hash.js "^1.0.0"
    js-sha3 "0.5.7"
    xmlhttprequest "1.8.0"

hash.js@^1.0.0:
  version "1.1.7"
  resolved "https://registry.yarnpkg.com/hash.js/-/hash.js-1.1.7.tgz#0babca538e8d4ee4a0f8988d68866537a003cf42"
  integrity sha512-taOaskGt4z4SOANNseOviYDvjEJinIkRgmp7LbKP2YTTmVxWBl87s/uzK9r+44BclBSp2X7K1hqeNfz9JbBeXA==
  dependencies:
    inherits "^2.0.3"
    minimalistic-assert "^1.0.1"

inherits@2.0.1:
  version "2.0.1"
  resolved "https://registry.yarnpkg.com/inherits/-/inherits-2.0.1.tgz#b17d08d326b4423e568eff719f91b0b1cbdf69f1"
  integrity sha1-sX0I0ya0Qj5Wjv9xn5GwscvfafE=

inherits@^2.0.3:
  version "2.0.4"
  resolved "https://registry.yarnpkg.com/inherits/-/inherits-2.0.4.tgz#0fa2c64f932917c3433a0ded55363aae37416b7c"
  integrity sha512-k/vGaX4/Yla3WzyMCvTQOXYeIHvqOKtnqBduzTHpzpQZzAskKMhZ2K+EnBiSM9zGSoIFeMpXKxa4dYeZIQqewQ==

js-sha3@0.5.7:
  version "0.5.7"
  resolved "https://registry.yarnpkg.com/js-sha3/-/js-sha3-0.5.7.tgz#0d4ffd8002d5333aabaf4a23eed2f6374c9f28e7"
  integrity sha1-DU/9gALVMzqrr0oj7tL2N0yfKOc=

minimalistic-assert@^1.0.1:
  version "1.0.1"
  resolved "https://registry.yarnpkg.com/minimalistic-assert/-/minimalistic-assert-1.0.1.tgz#2e194de044626d4a10e7f7fbc00ce73e83e4d5c7"
  integrity sha512-UtJcAD4yEaGtjPezWuO9wC4nwUnVH/8/Im3yEHQP4b67cXlD/Qr9hdITCU1xDbSEXg2XKNaP8jsReV7vQd00/A==

xmlhttprequest@1.8.0:
  version "1.8.0"
  resolved "https://registry.yarnpkg.com/xmlhttprequest/-/xmlhttprequest-1.8.0.tgz#67fe075c5c24fef39f9d65f5f7b7fe75171968fc"
  integrity sha1-Z/4HXFwk/vOfnWX197f+dRcZaPw=
